
Microsoft Visual Studio Solution File, Format Version 12.00
# Visual Studio Version 17
VisualStudioVersion = 17.1.32228.430
MinimumVisualStudioVersion = 10.0.40219.1
Project("{FAE04EC0-301F-11D3-BF4B-00C04F79EFBC}") = "TP1", "TP1\TP1.csproj", "{DCE531D0-7900-4735-B0C7-147AA0F2C371}"
EndProject
Global
	GlobalSection(SolutionConfigurationPlatforms) = preSolution
		Debug|Any CPU = Debug|Any CPU
		Release|Any CPU = Release|Any CPU
	EndGlobalSection
	GlobalSection(ProjectConfigurationPlatforms) = postSolution
		{DCE531D0-7900-4735-B0C7-147AA0F2C371}.Debug|Any CPU.ActiveCfg = Debug|Any CPU
		{DCE531D0-7900-4735-B0C7-147AA0F2C371}.Debug|Any CPU.Build.0 = Debug|Any CPU
		{DCE531D0-7900-4735-B0C7-147AA0F2C371}.Release|Any CPU.ActiveCfg = Release|Any CPU
		{DCE531D0-7900-4735-B0C7-147AA0F2C371}.Release|Any CPU.Build.0 = Release|Any CPU
	EndGlobalSection
	GlobalSection(SolutionProperties) = preSolution
		HideSolutionNode = FALSE
	EndGlobalSection
	GlobalSection(ExtensibilityGlobals) = postSolution
		SolutionGuid = {C225A0C2-55D1-4B3E-A6D7-324FE5ABEDE7}
	EndGlobalSection
EndGlobal
